// !$*UTF8*$!
{
	archiveVersion = 1;
	classes = {
	};
	objectVersion = 46;
	objects = {

/* Begin PBXBuildFile section */
		299E1D411D96FF0B0028C8DA /* AppDelegate.swift in Sources */ = {isa = PBXBuildFile; fileRef = 299E1D401D96FF0B0028C8DA /* AppDelegate.swift */; };
		299E1D431D96FF0B0028C8DA /* TipViewController.swift in Sources */ = {isa = PBXBuildFile; fileRef = 299E1D421D96FF0B0028C8DA /* TipViewController.swift */; };
		299E1D461D96FF0B0028C8DA /* Main.storyboard in Resources */ = {isa = PBXBuildFile; fileRef = 299E1D441D96FF0B0028C8DA /* Main.storyboard */; };
		299E1D481D96FF0B0028C8DA /* Assets.xcassets in Resources */ = {isa = PBXBuildFile; fileRef = 299E1D471D96FF0B0028C8DA /* Assets.xcassets */; };
		299E1D4B1D96FF0B0028C8DA /* LaunchScreen.storyboard in Resources */ = {isa = PBXBuildFile; fileRef = 299E1D491D96FF0B0028C8DA /* LaunchScreen.storyboard */; };
		299E1D561D96FF0C0028C8DA /* tippyTests.swift in Sources */ = {isa = PBXBuildFile; fileRef = 299E1D551D96FF0C0028C8DA /* tippyTests.swift */; };
		299E1D611D96FF0C0028C8DA /* tippyUITests.swift in Sources */ = {isa = PBXBuildFile; fileRef = 299E1D601D96FF0C0028C8DA /* tippyUITests.swift */; };
		299E1D711D9737A40028C8DA /* SettingsViewController.swift in Sources */ = {isa = PBXBuildFile; fileRef = 299E1D701D9737A40028C8DA /* SettingsViewController.swift */; };
		299E1D731D973C220028C8DA /* SettingsTwoViewController.swift in Sources */ = {isa = PBXBuildFile; fileRef = 299E1D721D973C220028C8DA /* SettingsTwoViewController.swift */; };
/* End PBXBuildFile section */

/* Begin PBXContainerItemProxy section */
		299E1D521D96FF0C0028C8DA /* PBXContainerItemProxy */ = {
			isa = PBXContainerItemProxy;
			containerPortal = 299E1D351D96FF0B0028C8DA /* Project object */;
			proxyType = 1;
			remoteGlobalIDString = 299E1D3C1D96FF0B0028C8DA;
			remoteInfo = tippy;
		};
		299E1D5D1D96FF0C0028C8DA /* PBXContainerItemProxy */ = {
			isa = PBXContainerItemProxy;
			containerPortal = 299E1D351D96FF0B0028C8DA /* Project object */;
			proxyType = 1;
			remoteGlobalIDString = 299E1D3C1D96FF0B0028C8DA;
			remoteInfo = tippy;
		};
/* End PBXContainerItemProxy section */

/* Begin PBXFileReference section */
		299E1D3D1D96FF0B0028C8DA /* tippy.app */ = {isa = PBXFileReference; explicitFileType = wrapper.application; includeInIndex = 0; path = tippy.app; sourceTree = BUILT_PRODUCTS_DIR; };
		299E1D401D96FF0B0028C8DA /* AppDelegate.swift */ = {isa = PBXFileReference; lastKnownFileType = sourcecode.swift; path = AppDelegate.swift; sourceTree = "<group>"; };
		299E1D421D96FF0B0028C8DA /* TipViewController.swift */ = {isa = PBXFileReference; lastKnownFileType = sourcecode.swift; path = TipViewController.swift; sourceTree = "<group>"; };
		299E1D451D96FF0B0028C8DA /* Base */ = {isa = PBXFileReference; lastKnownFileType = file.storyboard; name = Base; path = Base.lproj/Main.storyboard; sourceTree = "<group>"; };
		299E1D471D96FF0B0028C8DA /* Assets.xcassets */ = {isa = PBXFileReference; lastKnownFileType = folder.assetcatalog; path = Assets.xcassets; sourceTree = "<group>"; };
		299E1D4A1D96FF0B0028C8DA /* Base */ = {isa = PBXFileReference; lastKnownFileType = file.storyboard; name = Base; path = Base.lproj/LaunchScreen.storyboard; sourceTree = "<group>"; };
		299E1D4C1D96FF0B0028C8DA /* Info.plist */ = {isa = PBXFileReference; lastKnownFileType = text.plist.xml; path = Info.plist; sourceTree = "<group>"; };
		299E1D511D96FF0C0028C8DA /* tippyTests.xctest */ = {isa = PBXFileReference; explicitFileType = wrapper.cfbundle; includeInIndex = 0; path = tippyTests.xctest; sourceTree = BUILT_PRODUCTS_DIR; };
		299E1D551D96FF0C0028C8DA /* tippyTests.swift */ = {isa = PBXFileReference; lastKnownFileType = sourcecode.swift; path = tippyTests.swift; sourceTree = "<group>"; };
		299E1D571D96FF0C0028C8DA /* Info.plist */ = {isa = PBXFileReference; lastKnownFileType = text.plist.xml; path = Info.plist; sourceTree = "<group>"; };
		299E1D5C1D96FF0C0028C8DA /* tippyUITests.xctest */ = {isa = PBXFileReference; explicitFileType = wrapper.cfbundle; includeInIndex = 0; path = tippyUITests.xctest; sourceTree = BUILT_PRODUCTS_DIR; };
		299E1D601D96FF0C0028C8DA /* tippyUITests.swift */ = {isa = PBXFileReference; lastKnownFileType = sourcecode.swift; path = tippyUITests.swift; sourceTree = "<group>"; };
		299E1D621D96FF0C0028C8DA /* Info.plist */ = {isa = PBXFileReference; lastKnownFileType = text.plist.xml; path = Info.plist; sourceTree = "<group>"; };
		299E1D701D9737A40028C8DA /* SettingsViewController.swift */ = {isa = PBXFileReference; fileEncoding = 4; lastKnownFileType = sourcecode.swift; path = SettingsViewController.swift; sourceTree = "<group>"; };
		299E1D721D973C220028C8DA /* SettingsTwoViewController.swift */ = {isa = PBXFileReference; fileEncoding = 4; lastKnownFileType = sourcecode.swift; path = SettingsTwoViewController.swift; sourceTree = "<group>"; };
/* End PBXFileReference section */

/* Begin PBXFrameworksBuildPhase section */
		299E1D3A1D96FF0B0028C8DA /* Frameworks */ = {
			isa = PBXFrameworksBuildPhase;
			buildActionMask = 2147483647;
			files = (
			);
			runOnlyForDeploymentPostprocessing = 0;
		};
		299E1D4E1D96FF0C0028C8DA /* Frameworks */ = {
			isa = PBXFrameworksBuildPhase;
			buildActionMask = 2147483647;
			files = (
			);
			runOnlyForDeploymentPostprocessing = 0;
		};
		299E1D591D96FF0C0028C8DA /* Frameworks */ = {
			isa = PBXFrameworksBuildPhase;
			buildActionMask = 2147483647;
			files = (
			);
			runOnlyForDeploymentPostprocessing = 0;
		};
/* End PBXFrameworksBuildPhase section */

/* Begin PBXGroup section */
		299E1D341D96FF0B0028C8DA = {
			isa = PBXGroup;
			children = (
				299E1D3F1D96FF0B0028C8DA /* tippy */,
				299E1D541D96FF0C0028C8DA /* tippyTests */,
				299E1D5F1D96FF0C0028C8DA /* tippyUITests */,
				299E1D3E1D96FF0B0028C8DA /* Products */,
			);
			sourceTree = "<group>";
		};
		299E1D3E1D96FF0B0028C8DA /* Products */ = {
			isa = PBXGroup;
			children = (
				299E1D3D1D96FF0B0028C8DA /* tippy.app */,
				299E1D511D96FF0C0028C8DA /* tippyTests.xctest */,
				299E1D5C1D96FF0C0028C8DA /* tippyUITests.xctest */,
			);
			name = Products;
			sourceTree = "<group>";
		};
		299E1D3F1D96FF0B0028C8DA /* tippy */ = {
			isa = PBXGroup;
			children = (
				299E1D401D96FF0B0028C8DA /* AppDelegate.swift */,
				299E1D421D96FF0B0028C8DA /* TipViewController.swift */,
				299E1D441D96FF0B0028C8DA /* Main.storyboard */,
				299E1D471D96FF0B0028C8DA /* Assets.xcassets */,
				299E1D491D96FF0B0028C8DA /* LaunchScreen.storyboard */,
				299E1D4C1D96FF0B0028C8DA /* Info.plist */,
				299E1D701D9737A40028C8DA /* SettingsViewController.swift */,
				299E1D721D973C220028C8DA /* SettingsTwoViewController.swift */,
			);
			path = tippy;
			sourceTree = "<group>";
		};
		299E1D541D96FF0C0028C8DA /* tippyTests */ = {
			isa = PBXGroup;
			children = (
				299E1D551D96FF0C0028C8DA /* tippyTests.swift */,
				299E1D571D96FF0C0028C8DA /* Info.plist */,
			);
			path = tippyTests;
			sourceTree = "<group>";
		};
		299E1D5F1D96FF0C0028C8DA /* tippyUITests */ = {
			isa = PBXGroup;
			children = (
				299E1D601D96FF0C0028C8DA /* tippyUITests.swift */,
				299E1D621D96FF0C0028C8DA /* Info.plist */,
			);
			path = tippyUITests;
			sourceTree = "<group>";
		};
/* End PBXGroup section */

/* Begin PBXNativeTarget section */
		299E1D3C1D96FF0B0028C8DA /* tippy */ = {
			isa = PBXNativeTarget;
			buildConfigurationList = 299E1D651D96FF0C0028C8DA /* Build configuration list for PBXNativeTarget "tippy" */;
			buildPhases = (
				299E1D391D96FF0B0028C8DA /* Sources */,
				299E1D3A1D96FF0B0028C8DA /* Frameworks */,
				299E1D3B1D96FF0B0028C8DA /* Resources */,
			);
			buildRules = (
			);
			dependencies = (
			);
			name = tippy;
			productName = tippy;
			productReference = 299E1D3D1D96FF0B0028C8DA /* tippy.app */;
			productType = "com.apple.product-type.application";
		};
		299E1D501D96FF0C0028C8DA /* tippyTests */ = {
			isa = PBXNativeTarget;
			buildConfigurationList = 299E1D681D96FF0C0028C8DA /* Build configuration list for PBXNativeTarget "tippyTests" */;
			buildPhases = (
				299E1D4D1D96FF0C0028C8DA /* Sources */,
				299E1D4E1D96FF0C0028C8DA /* Frameworks */,
				299E1D4F1D96FF0C0028C8DA /* Resources */,
			);
			buildRules = (
			);
			dependencies = (
				299E1D531D96FF0C0028C8DA /* PBXTargetDependency */,
			);
			name = tippyTests;
			productName = tippyTests;
			productReference = 299E1D511D96FF0C0028C8DA /* tippyTests.xctest */;
			productType = "com.apple.product-type.bundle.unit-test";
		};
		299E1D5B1D96FF0C0028C8DA /* tippyUITests */ = {
			isa = PBXNativeTarget;
			buildConfigurationList = 299E1D6B1D96FF0C0028C8DA /* Build configuration list for PBXNativeTarget "tippyUITests" */;
			buildPhases = (
				299E1D581D96FF0C0028C8DA /* Sources */,
				299E1D591D96FF0C0028C8DA /* Frameworks */,
				299E1D5A1D96FF0C0028C8DA /* Resources */,
			);
			buildRules = (
			);
			dependencies = (
				299E1D5E1D96FF0C0028C8DA /* PBXTargetDependency */,
			);
			name = tippyUITests;
			productName = tippyUITests;
			productReference = 299E1D5C1D96FF0C0028C8DA /* tippyUITests.xctest */;
			productType = "com.apple.product-type.bundle.ui-testing";
		};
/* End PBXNativeTarget section */

/* Begin PBXProject section */
		299E1D351D96FF0B0028C8DA /* Project object */ = {
			isa = PBXProject;
			attributes = {
				LastSwiftUpdateCheck = 0800;
				LastUpgradeCheck = 0800;
				ORGANIZATIONNAME = "Zekun Wang";
				TargetAttributes = {
					299E1D3C1D96FF0B0028C8DA = {
						CreatedOnToolsVersion = 8.0;
						ProvisioningStyle = Automatic;
					};
					299E1D501D96FF0C0028C8DA = {
						CreatedOnToolsVersion = 8.0;
						ProvisioningStyle = Automatic;
						TestTargetID = 299E1D3C1D96FF0B0028C8DA;
					};
					299E1D5B1D96FF0C0028C8DA = {
						CreatedOnToolsVersion = 8.0;
						ProvisioningStyle = Automatic;
						TestTargetID = 299E1D3C1D96FF0B0028C8DA;
					};
				};
			};
			buildConfigurationList = 299E1D381D96FF0B0028C8DA /* Build configuration list for PBXProject "tippy" */;
			compatibilityVersion = "Xcode 3.2";
			developmentRegion = English;
			hasScannedForEncodings = 0;
			knownRegions = (
				en,
				Base,
			);
			mainGroup = 299E1D341D96FF0B0028C8DA;
			productRefGroup = 299E1D3E1D96FF0B0028C8DA /* Products */;
			projectDirPath = "";
			projectRoot = "";
			targets = (
				299E1D3C1D96FF0B0028C8DA /* tippy */,
				299E1D501D96FF0C0028C8DA /* tippyTests */,
				299E1D5B1D96FF0C0028C8DA /* tippyUITests */,
			);
		};
/* End PBXProject section */

/* Begin PBXResourcesBuildPhase section */
		299E1D3B1D96FF0B0028C8DA /* Resources */ = {
			isa = PBXResourcesBuildPhase;
			buildActionMask = 2147483647;
			files = (
				299E1D4B1D96FF0B0028C8DA /* LaunchScreen.storyboard in Resources */,
				299E1D481D96FF0B0028C8DA /* Assets.xcassets in Resources */,
				299E1D461D96FF0B0028C8DA /* Main.storyboard in Resources */,
			);
			runOnlyForDeploymentPostprocessing = 0;
		};
		299E1D4F1D96FF0C0028C8DA /* Resources */ = {
			isa = PBXResourcesBuildPhase;
			buildActionMask = 2147483647;
			files = (
			);
			runOnlyForDeploymentPostprocessing = 0;
		};
		299E1D5A1D96FF0C0028C8DA /* Resources */ = {
			isa = PBXResourcesBuildPhase;
			buildActionMask = 2147483647;
			files = (
			);
			runOnlyForDeploymentPostprocessing = 0;
		};
/* End PBXResourcesBuildPhase section */

/* Begin PBXSourcesBuildPhase section */
		299E1D391D96FF0B0028C8DA /* Sources */ = {
			isa = PBXSourcesBuildPhase;
			buildActionMask = 2147483647;
			files = (
				299E1D731D973C220028C8DA /* SettingsTwoViewController.swift in Sources */,
				299E1D431D96FF0B0028C8DA /* TipViewController.swift in Sources */,
				299E1D411D96FF0B0028C8DA /* AppDelegate.swift in Sources */,
				299E1D711D9737A40028C8DA /* SettingsViewController.swift in Sources */,
			);
			runOnlyForDeploymentPostprocessing = 0;
		};
		299E1D4D1D96FF0C0028C8DA /* Sources */ = {
			isa = PBXSourcesBuildPhase;
			buildActionMask = 2147483647;
			files = (
				299E1D561D96FF0C0028C8DA /* tippyTests.swift in Sources */,
			);
			runOnlyForDeploymentPostprocessing = 0;
		};
		299E1D581D96FF0C0028C8DA /* Sources */ = {
			isa = PBXSourcesBuildPhase;
			buildActionMask = 2147483647;
			files = (
				299E1D611D96FF0C0028C8DA /* tippyUITests.swift in Sources */,
			);
			runOnlyForDeploymentPostprocessing = 0;
		};
/* End PBXSourcesBuildPhase section */

/* Begin PBXTargetDependency section */
		299E1D531D96FF0C0028C8DA /* PBXTargetDependency */ = {
			isa = PBXTargetDependency;
			target = 299E1D3C1D96FF0B0028C8DA /* tippy */;
			targetProxy = 299E1D521D96FF0C0028C8DA /* PBXContainerItemProxy */;
		};
		299E1D5E1D96FF0C0028C8DA /* PBXTargetDependency */ = {
			isa = PBXTargetDependency;
			target = 299E1D3C1D96FF0B0028C8DA /* tippy */;
			targetProxy = 299E1D5D1D96FF0C0028C8DA /* PBXContainerItemProxy */;
		};
/* End PBXTargetDependency section */

/* Begin PBXVariantGroup section */
		299E1D441D96FF0B0028C8DA /* Main.storyboard */ = {
			isa = PBXVariantGroup;
			children = (
				299E1D451D96FF0B0028C8DA /* Base */,
			);
			name = Main.storyboard;
			sourceTree = "<group>";
		};
		299E1D491D96FF0B0028C8DA /* LaunchScreen.storyboard */ = {
			isa = PBXVariantGroup;
			children = (
				299E1D4A1D96FF0B0028C8DA /* Base */,
			);
			name = LaunchScreen.storyboard;
			sourceTree = "<group>";
		};
/* End PBXVariantGroup section */

/* Begin XCBuildConfiguration section */
		299E1D631D96FF0C0028C8DA /* Debug */ = {
			isa = XCBuildConfiguration;
			buildSettings = {
				ALWAYS_SEARCH_USER_PATHS = NO;
				CLANG_ANALYZER_NONNULL = YES;
				CLANG_CXX_LANGUAGE_STANDARD = "gnu++0x";
				CLANG_CXX_LIBRARY = "libc++";
				CLANG_ENABLE_MODULES = YES;
				CLANG_ENABLE_OBJC_ARC = YES;
				CLANG_WARN_BOOL_CONVERSION = YES;
				CLANG_WARN_CONSTANT_CONVERSION = YES;
				CLANG_WARN_DIRECT_OBJC_ISA_USAGE = YES_ERROR;
				CLANG_WARN_DOCUMENTATION_COMMENTS = YES;
				CLANG_WARN_EMPTY_BODY = YES;
				CLANG_WARN_ENUM_CONVERSION = YES;
				CLANG_WARN_INFINITE_RECURSION = YES;
				CLANG_WARN_INT_CONVERSION = YES;
				CLANG_WARN_OBJC_ROOT_CLASS = YES_ERROR;
				CLANG_WARN_SUSPICIOUS_MOVES = YES;
				CLANG_WARN_UNREACHABLE_CODE = YES;
				CLANG_WARN__DUPLICATE_METHOD_MATCH = YES;
				"CODE_SIGN_IDENTITY[sdk=iphoneos*]" = "iPhone Developer";
				COPY_PHASE_STRIP = NO;
				DEBUG_INFORMATION_FORMAT = dwarf;
				ENABLE_STRICT_OBJC_MSGSEND = YES;
				ENABLE_TESTABILITY = YES;
				GCC_C_LANGUAGE_STANDARD = gnu99;
				GCC_DYNAMIC_NO_PIC = NO;
				GCC_NO_COMMON_BLOCKS = YES;
				GCC_OPTIMIZATION_LEVEL = 0;
				GCC_PREPROCESSOR_DEFINITIONS = (
					"DEBUG=1",
					"$(inherited)",
				);
				GCC_WARN_64_TO_32_BIT_CONVERSION = YES;
				GCC_WARN_ABOUT_RETURN_TYPE = YES_ERROR;
				GCC_WARN_UNDECLARED_SELECTOR = YES;
				GCC_WARN_UNINITIALIZED_AUTOS = YES_AGGRESSIVE;
				GCC_WARN_UNUSED_FUNCTION = YES;
				GCC_WARN_UNUSED_VARIABLE = YES;
				IPHONEOS_DEPLOYMENT_TARGET = 10.0;
				MTL_ENABLE_DEBUG_INFO = YES;
				ONLY_ACTIVE_ARCH = YES;
				SDKROOT = iphoneos;
				SWIFT_ACTIVE_COMPILATION_CONDITIONS = DEBUG;
				SWIFT_OPTIMIZATION_LEVEL = "-Onone";
			};
			name = Debug;
		};
		299E1D641D96FF0C0028C8DA /* Release */ = {
			isa = XCBuildConfiguration;
			buildSettings = {
				ALWAYS_SEARCH_USER_PATHS = NO;
				CLANG_ANALYZER_NONNULL = YES;
				CLANG_CXX_LANGUAGE_STANDARD = "gnu++0x";
				CLANG_CXX_LIBRARY = "libc++";
				CLANG_ENABLE_MODULES = YES;
				CLANG_ENABLE_OBJC_ARC = YES;
				CLANG_WARN_BOOL_CONVERSION = YES;
				CLANG_WARN_CONSTANT_CONVERSION = YES;
				CLANG_WARN_DIRECT_OBJC_ISA_USAGE = YES_ERROR;
				CLANG_WARN_DOCUMENTATION_COMMENTS = YES;
				CLANG_WARN_EMPTY_BODY = YES;
				CLANG_WARN_ENUM_CONVERSION = YES;
				CLANG_WARN_INFINITE_RECURSION = YES;
				CLANG_WARN_INT_CONVERSION = YES;
				CLANG_WARN_OBJC_ROOT_CLASS = YES_ERROR;
				CLANG_WARN_SUSPICIOUS_MOVES = YES;
				CLANG_WARN_UNREACHABLE_CODE = YES;
				CLANG_WARN__DUPLICATE_METHOD_MATCH = YES;
				"CODE_SIGN_IDENTITY[sdk=iphoneos*]" = "iPhone Developer";
				COPY_PHASE_STRIP = NO;
				DEBUG_INFORMATION_FORMAT = "dwarf-with-dsym";
				ENABLE_NS_ASSERTIONS = NO;
				ENABLE_STRICT_OBJC_MSGSEND = YES;
				GCC_C_LANGUAGE_STANDARD = gnu99;
				GCC_NO_COMMON_BLOCKS = YES;
				GCC_WARN_64_TO_32_BIT_CONVERSION = YES;
				GCC_WARN_ABOUT_RETURN_TYPE = YES_ERROR;
				GCC_WARN_UNDECLARED_SELECTOR = YES;
				GCC_WARN_UNINITIALIZED_AUTOS = YES_AGGRESSIVE;
				GCC_WARN_UNUSED_FUNCTION = YES;
				GCC_WARN_UNUSED_VARIABLE = YES;
				IPHONEOS_DEPLOYMENT_TARGET = 10.0;
				MTL_ENABLE_DEBUG_INFO = NO;
				SDKROOT = iphoneos;
				SWIFT_OPTIMIZATION_LEVEL = "-Owholemodule";
				VALIDATE_PRODUCT = YES;
			};
			name = Release;
		};
		299E1D661D96FF0C0028C8DA /* Debug */ = {
			isa = XCBuildConfiguration;
			buildSettings = {
				ASSETCATALOG_COMPILER_APPICON_NAME = AppIcon;
				INFOPLIST_FILE = tippy/Info.plist;
				LD_RUNPATH_SEARCH_PATHS = "$(inherited) @executable_path/Frameworks";
				PRODUCT_BUNDLE_IDENTIFIER = com.zekunwang.tippy;
				PRODUCT_NAME = "$(TARGET_NAME)";
				SWIFT_VERSION = 3.0;
			};
			name = Debug;
		};
		299E1D671D96FF0C0028C8DA /* Release */ = {
			isa = XCBuildConfiguration;
			buildSettings = {
				ASSETCATALOG_COMPILER_APPICON_NAME = AppIcon;
				INFOPLIST_FILE = tippy/Info.plist;
				LD_RUNPATH_SEARCH_PATHS = "$(inherited) @executable_path/Frameworks";
				PRODUCT_BUNDLE_IDENTIFIER = com.zekunwang.tippy;
				PRODUCT_NAME = "$(TARGET_NAME)";
				SWIFT_VERSION = 3.0;
			};
			name = Release;
		};
		299E1D691D96FF0C0028C8DA /* Debug */ = {
			isa = XCBuildConfiguration;
			buildSettings = {
				ALWAYS_EMBED_SWIFT_STANDARD_LIBRARIES = YES;
				BUNDLE_LOADER = "$(TEST_HOST)";
				INFOPLIST_FILE = tippyTests/Info.plist;
				LD_RUNPATH_SEARCH_PATHS = "$(inherited) @executable_path/Frameworks @loader_path/Frameworks";
				PRODUCT_BUNDLE_IDENTIFIER = com.zekunwang.tippyTests;
				PRODUCT_NAME = "$(TARGET_NAME)";
				SWIFT_VERSION = 3.0;
				TEST_HOST = "$(BUILT_PRODUCTS_DIR)/tippy.app/tippy";
			};
			name = Debug;
		};
		299E1D6A1D96FF0C0028C8DA /* Release */ = {
			isa = XCBuildConfiguration;
			buildSettings = {
				ALWAYS_EMBED_SWIFT_STANDARD_LIBRARIES = YES;
				BUNDLE_LOADER = "$(TEST_HOST)";
				INFOPLIST_FILE = tippyTests/Info.plist;
				LD_RUNPATH_SEARCH_PATHS = "$(inherited) @executable_path/Frameworks @loader_path/Frameworks";
				PRODUCT_BUNDLE_IDENTIFIER = com.zekunwang.tippyTests;
				PRODUCT_NAME = "$(TARGET_NAME)";
				SWIFT_VERSION = 3.0;
				TEST_HOST = "$(BUILT_PRODUCTS_DIR)/tippy.app/tippy";
			};
			name = Release;
		};
		299E1D6C1D96FF0C0028C8DA /* Debug */ = {
			isa = XCBuildConfiguration;
			buildSettings = {
				ALWAYS_EMBED_SWIFT_STANDARD_LIBRARIES = YES;
				INFOPLIST_FILE = tippyUITests/Info.plist;
				LD_RUNPATH_SEARCH_PATHS = "$(inherited) @executable_path/Frameworks @loader_path/Frameworks";
				PRODUCT_BUNDLE_IDENTIFIER = com.zekunwang.tippyUITests;
				PRODUCT_NAME = "$(TARGET_NAME)";
				SWIFT_VERSION = 3.0;
				TEST_TARGET_NAME = tippy;
			};
			name = Debug;
		};
		299E1D6D1D96FF0C0028C8DA /* Release */ = {
			isa = XCBuildConfiguration;
			buildSettings = {
				ALWAYS_EMBED_SWIFT_STANDARD_LIBRARIES = YES;
				INFOPLIST_FILE = tippyUITests/Info.plist;
				LD_RUNPATH_SEARCH_PATHS = "$(inherited) @executable_path/Frameworks @loader_path/Frameworks";
				PRODUCT_BUNDLE_IDENTIFIER = com.zekunwang.tippyUITests;
				PRODUCT_NAME = "$(TARGET_NAME)";
				SWIFT_VERSION = 3.0;
				TEST_TARGET_NAME = tippy;
			};
			name = Release;
		};
/* End XCBuildConfiguration section */

/* Begin XCConfigurationList section */
		299E1D381D96FF0B0028C8DA /* Build configuration list for PBXProject "tippy" */ = {
			isa = XCConfigurationList;
			buildConfigurations = (
				299E1D631D96FF0C0028C8DA /* Debug */,
				299E1D641D96FF0C0028C8DA /* Release */,
			);
			defaultConfigurationIsVisible = 0;
			defaultConfigurationName = Release;
		};
		299E1D651D96FF0C0028C8DA /* Build configuration list for PBXNativeTarget "tippy" */ = {
			isa = XCConfigurationList;
			buildConfigurations = (
				299E1D661D96FF0C0028C8DA /* Debug */,
				299E1D671D96FF0C0028C8DA /* Release */,
			);
			defaultConfigurationIsVisible = 0;
		};
		299E1D681D96FF0C0028C8DA /* Build configuration list for PBXNativeTarget "tippyTests" */ = {
			isa = XCConfigurationList;
			buildConfigurations = (
				299E1D691D96FF0C0028C8DA /* Debug */,
				299E1D6A1D96FF0C0028C8DA /* Release */,
			);
			defaultConfigurationIsVisible = 0;
		};
		299E1D6B1D96FF0C0028C8DA /* Build configuration list for PBXNativeTarget "tippyUITests" */ = {
			isa = XCConfigurationList;
			buildConfigurations = (
				299E1D6C1D96FF0C0028C8DA /* Debug */,
				299E1D6D1D96FF0C0028C8DA /* Release */,
			);
			defaultConfigurationIsVisible = 0;
		};
/* End XCConfigurationList section */
	};
	rootObject = 299E1D351D96FF0B0028C8DA /* Project object */;
}
